// !$*UTF8*$!
{
	archiveVersion = 1;
	classes = {
	};
	objectVersion = 50;
	objects = {

/* Begin PBXBuildFile section */
		CA72687421EA4D9100AD04BB /* AppDelegate.swift in Sources */ = {isa = PBXBuildFile; fileRef = CA72687321EA4D9100AD04BB /* AppDelegate.swift */; };
		CA72687621EA4D9100AD04BB /* ViewController.swift in Sources */ = {isa = PBXBuildFile; fileRef = CA72687521EA4D9100AD04BB /* ViewController.swift */; };
		CA72687921EA4D9100AD04BB /* Main.storyboard in Resources */ = {isa = PBXBuildFile; fileRef = CA72687721EA4D9100AD04BB /* Main.storyboard */; };
		CA72687C21EA4D9100AD04BB /* SimpleSideMenu.xcdatamodeld in Sources */ = {isa = PBXBuildFile; fileRef = CA72687A21EA4D9100AD04BB /* SimpleSideMenu.xcdatamodeld */; };
		CA72687E21EA4D9200AD04BB /* Assets.xcassets in Resources */ = {isa = PBXBuildFile; fileRef = CA72687D21EA4D9200AD04BB /* Assets.xcassets */; };
		CA72688121EA4D9200AD04BB /* LaunchScreen.storyboard in Resources */ = {isa = PBXBuildFile; fileRef = CA72687F21EA4D9200AD04BB /* LaunchScreen.storyboard */; };
/* End PBXBuildFile section */

/* Begin PBXFileReference section */
		CA72687021EA4D9100AD04BB /* SimpleSideMenu.app */ = {isa = PBXFileReference; explicitFileType = wrapper.application; includeInIndex = 0; path = SimpleSideMenu.app; sourceTree = BUILT_PRODUCTS_DIR; };
		CA72687321EA4D9100AD04BB /* AppDelegate.swift */ = {isa = PBXFileReference; lastKnownFileType = sourcecode.swift; path = AppDelegate.swift; sourceTree = "<group>"; };
		CA72687521EA4D9100AD04BB /* ViewController.swift */ = {isa = PBXFileReference; lastKnownFileType = sourcecode.swift; path = ViewController.swift; sourceTree = "<group>"; };
		CA72687821EA4D9100AD04BB /* Base */ = {isa = PBXFileReference; lastKnownFileType = file.storyboard; name = Base; path = Base.lproj/Main.storyboard; sourceTree = "<group>"; };
		CA72687B21EA4D9100AD04BB /* SimpleSideMenu.xcdatamodel */ = {isa = PBXFileReference; lastKnownFileType = wrapper.xcdatamodel; path = SimpleSideMenu.xcdatamodel; sourceTree = "<group>"; };
		CA72687D21EA4D9200AD04BB /* Assets.xcassets */ = {isa = PBXFileReference; lastKnownFileType = folder.assetcatalog; path = Assets.xcassets; sourceTree = "<group>"; };
		CA72688021EA4D9200AD04BB /* Base */ = {isa = PBXFileReference; lastKnownFileType = file.storyboard; name = Base; path = Base.lproj/LaunchScreen.storyboard; sourceTree = "<group>"; };
		CA72688221EA4D9200AD04BB /* Info.plist */ = {isa = PBXFileReference; lastKnownFileType = text.plist.xml; path = Info.plist; sourceTree = "<group>"; };
/* End PBXFileReference section */

/* Begin PBXFrameworksBuildPhase section */
		CA72686D21EA4D9100AD04BB /* Frameworks */ = {
			isa = PBXFrameworksBuildPhase;
			buildActionMask = 2147483647;
			files = (
			);
			runOnlyForDeploymentPostprocessing = 0;
		};
/* End PBXFrameworksBuildPhase section */

/* Begin PBXGroup section */
		CA72686721EA4D9100AD04BB = {
			isa = PBXGroup;
			children = (
				CA72687221EA4D9100AD04BB /* SimpleSideMenu */,
				CA72687121EA4D9100AD04BB /* Products */,
			);
			sourceTree = "<group>";
		};
		CA72687121EA4D9100AD04BB /* Products */ = {
			isa = PBXGroup;
			children = (
				CA72687021EA4D9100AD04BB /* SimpleSideMenu.app */,
			);
			name = Products;
			sourceTree = "<group>";
		};
		CA72687221EA4D9100AD04BB /* SimpleSideMenu */ = {
			isa = PBXGroup;
			children = (
				CA72687321EA4D9100AD04BB /* AppDelegate.swift */,
				CA72687521EA4D9100AD04BB /* ViewController.swift */,
				CA72687721EA4D9100AD04BB /* Main.storyboard */,
				CA72687D21EA4D9200AD04BB /* Assets.xcassets */,
				CA72687F21EA4D9200AD04BB /* LaunchScreen.storyboard */,
				CA72688221EA4D9200AD04BB /* Info.plist */,
				CA72687A21EA4D9100AD04BB /* SimpleSideMenu.xcdatamodeld */,
			);
			path = SimpleSideMenu;
			sourceTree = "<group>";
		};
/* End PBXGroup section */

/* Begin PBXNativeTarget section */
		CA72686F21EA4D9100AD04BB /* SimpleSideMenu */ = {
			isa = PBXNativeTarget;
			buildConfigurationList = CA72688521EA4D9200AD04BB /* Build configuration list for PBXNativeTarget "SimpleSideMenu" */;
			buildPhases = (
				CA72686C21EA4D9100AD04BB /* Sources */,
				CA72686D21EA4D9100AD04BB /* Frameworks */,
				CA72686E21EA4D9100AD04BB /* Resources */,
			);
			buildRules = (
			);
			dependencies = (
			);
			name = SimpleSideMenu;
			productName = SimpleSideMenu;
			productReference = CA72687021EA4D9100AD04BB /* SimpleSideMenu.app */;
			productType = "com.apple.product-type.application";
		};
/* End PBXNativeTarget section */

/* Begin PBXProject section */
		CA72686821EA4D9100AD04BB /* Project object */ = {
			isa = PBXProject;
			attributes = {
				LastSwiftUpdateCheck = 1010;
				LastUpgradeCheck = 1010;
				ORGANIZATIONNAME = "Oğuz Karatoruk";
				TargetAttributes = {
					CA72686F21EA4D9100AD04BB = {
						CreatedOnToolsVersion = 10.1;
					};
				};
			};
			buildConfigurationList = CA72686B21EA4D9100AD04BB /* Build configuration list for PBXProject "SimpleSideMenu" */;
			compatibilityVersion = "Xcode 9.3";
			developmentRegion = en;
			hasScannedForEncodings = 0;
			knownRegions = (
				en,
				Base,
			);
			mainGroup = CA72686721EA4D9100AD04BB;
			productRefGroup = CA72687121EA4D9100AD04BB /* Products */;
			projectDirPath = "";
			projectRoot = "";
			targets = (
				CA72686F21EA4D9100AD04BB /* SimpleSideMenu */,
			);
		};
/* End PBXProject section */

/* Begin PBXResourcesBuildPhase section */
		CA72686E21EA4D9100AD04BB /* Resources */ = {
			isa = PBXResourcesBuildPhase;
			buildActionMask = 2147483647;
			files = (
				CA72688121EA4D9200AD04BB /* LaunchScreen.storyboard in Resources */,
				CA72687E21EA4D9200AD04BB /* Assets.xcassets in Resources */,
				CA72687921EA4D9100AD04BB /* Main.storyboard in Resources */,
			);
			runOnlyForDeploymentPostprocessing = 0;
		};
/* End PBXResourcesBuildPhase section */

/* Begin PBXSourcesBuildPhase section */
		CA72686C21EA4D9100AD04BB /* Sources */ = {
			isa = PBXSourcesBuildPhase;
			buildActionMask = 2147483647;
			files = (
				CA72687C21EA4D9100AD04BB /* SimpleSideMenu.xcdatamodeld in Sources */,
				CA72687621EA4D9100AD04BB /* ViewController.swift in Sources */,
				CA72687421EA4D9100AD04BB /* AppDelegate.swift in Sources */,
			);
			runOnlyForDeploymentPostprocessing = 0;
		};
/* End PBXSourcesBuildPhase section */

/* Begin PBXVariantGroup section */
		CA72687721EA4D9100AD04BB /* Main.storyboard */ = {
			isa = PBXVariantGroup;
			children = (
				CA72687821EA4D9100AD04BB /* Base */,
			);
			name = Main.storyboard;
			sourceTree = "<group>";
		};
		CA72687F21EA4D9200AD04BB /* LaunchScreen.storyboard */ = {
			isa = PBXVariantGroup;
			children = (
				CA72688021EA4D9200AD04BB /* Base */,
			);
			name = LaunchScreen.storyboard;
			sourceTree = "<group>";
		};
/* End PBXVariantGroup section */

/* Begin XCBuildConfiguration section */
		CA72688321EA4D9200AD04BB /* Debug */ = {
			isa = XCBuildConfiguration;
			buildSettings = {
				ALWAYS_SEARCH_USER_PATHS = NO;
				CLANG_ANALYZER_NONNULL = YES;
				CLANG_ANALYZER_NUMBER_OBJECT_CONVERSION = YES_AGGRESSIVE;
				CLANG_CXX_LANGUAGE_STANDARD = "gnu++14";
				CLANG_CXX_LIBRARY = "libc++";
				CLANG_ENABLE_MODULES = YES;
				CLANG_ENABLE_OBJC_ARC = YES;
				CLANG_ENABLE_OBJC_WEAK = YES;
				CLANG_WARN_BLOCK_CAPTURE_AUTORELEASING = YES;
				CLANG_WARN_BOOL_CONVERSION = YES;
				CLANG_WARN_COMMA = YES;
				CLANG_WARN_CONSTANT_CONVERSION = YES;
				CLANG_WARN_DEPRECATED_OBJC_IMPLEMENTATIONS = YES;
				CLANG_WARN_DIRECT_OBJC_ISA_USAGE = YES_ERROR;
				CLANG_WARN_DOCUMENTATION_COMMENTS = YES;
				CLANG_WARN_EMPTY_BODY = YES;
				CLANG_WARN_ENUM_CONVERSION = YES;
				CLANG_WARN_INFINITE_RECURSION = YES;
				CLANG_WARN_INT_CONVERSION = YES;
				CLANG_WARN_NON_LITERAL_NULL_CONVERSION = YES;
				CLANG_WARN_OBJC_IMPLICIT_RETAIN_SELF = YES;
				CLANG_WARN_OBJC_LITERAL_CONVERSION = YES;
				CLANG_WARN_OBJC_ROOT_CLASS = YES_ERROR;
				CLANG_WARN_RANGE_LOOP_ANALYSIS = YES;
				CLANG_WARN_STRICT_PROTOTYPES = YES;
				CLANG_WARN_SUSPICIOUS_MOVE = YES;
				CLANG_WARN_UNGUARDED_AVAILABILITY = YES_AGGRESSIVE;
				CLANG_WARN_UNREACHABLE_CODE = YES;
				CLANG_WARN__DUPLICATE_METHOD_MATCH = YES;
				CODE_SIGN_IDENTITY = "iPhone Developer";
				COPY_PHASE_STRIP = NO;
				DEBUG_INFORMATION_FORMAT = dwarf;
				ENABLE_STRICT_OBJC_MSGSEND = YES;
				ENABLE_TESTABILITY = YES;
				GCC_C_LANGUAGE_STANDARD = gnu11;
				GCC_DYNAMIC_NO_PIC = NO;
				GCC_NO_COMMON_BLOCKS = YES;
				GCC_OPTIMIZATION_LEVEL = 0;
				GCC_PREPROCESSOR_DEFINITIONS = (
					"DEBUG=1",
					"$(inherited)",
				);
				GCC_WARN_64_TO_32_BIT_CONVERSION = YES;
				GCC_WARN_ABOUT_RETURN_TYPE = YES_ERROR;
				GCC_WARN_UNDECLARED_SELECTOR = YES;
				GCC_WARN_UNINITIALIZED_AUTOS = YES_AGGRESSIVE;
				GCC_WARN_UNUSED_FUNCTION = YES;
				GCC_WARN_UNUSED_VARIABLE = YES;
				IPHONEOS_DEPLOYMENT_TARGET = 12.1;
				MTL_ENABLE_DEBUG_INFO = INCLUDE_SOURCE;
				MTL_FAST_MATH = YES;
				ONLY_ACTIVE_ARCH = YES;
				SDKROOT = iphoneos;
				SWIFT_ACTIVE_COMPILATION_CONDITIONS = DEBUG;
				SWIFT_OPTIMIZATION_LEVEL = "-Onone";
			};
			name = Debug;
		};
		CA72688421EA4D9200AD04BB /* Release */ = {
			isa = XCBuildConfiguration;
			buildSettings = {
				ALWAYS_SEARCH_USER_PATHS = NO;
				CLANG_ANALYZER_NONNULL = YES;
				CLANG_ANALYZER_NUMBER_OBJECT_CONVERSION = YES_AGGRESSIVE;
				CLANG_CXX_LANGUAGE_STANDARD = "gnu++14";
				CLANG_CXX_LIBRARY = "libc++";
				CLANG_ENABLE_MODULES = YES;
				CLANG_ENABLE_OBJC_ARC = YES;
				CLANG_ENABLE_OBJC_WEAK = YES;
				CLANG_WARN_BLOCK_CAPTURE_AUTORELEASING = YES;
				CLANG_WARN_BOOL_CONVERSION = YES;
				CLANG_WARN_COMMA = YES;
				CLANG_WARN_CONSTANT_CONVERSION = YES;
				CLANG_WARN_DEPRECATED_OBJC_IMPLEMENTATIONS = YES;
				CLANG_WARN_DIRECT_OBJC_ISA_USAGE = YES_ERROR;
				CLANG_WARN_DOCUMENTATION_COMMENTS = YES;
				CLANG_WARN_EMPTY_BODY = YES;
				CLANG_WARN_ENUM_CONVERSION = YES;
				CLANG_WARN_INFINITE_RECURSION = YES;
				CLANG_WARN_INT_CONVERSION = YES;
				CLANG_WARN_NON_LITERAL_NULL_CONVERSION = YES;
				CLANG_WARN_OBJC_IMPLICIT_RETAIN_SELF = YES;
				CLANG_WARN_OBJC_LITERAL_CONVERSION = YES;
				CLANG_WARN_OBJC_ROOT_CLASS = YES_ERROR;
				CLANG_WARN_RANGE_LOOP_ANALYSIS = YES;
				CLANG_WARN_STRICT_PROTOTYPES = YES;
				CLANG_WARN_SUSPICIOUS_MOVE = YES;
				CLANG_WARN_UNGUARDED_AVAILABILITY = YES_AGGRESSIVE;
				CLANG_WARN_UNREACHABLE_CODE = YES;
				CLANG_WARN__DUPLICATE_METHOD_MATCH = YES;
				CODE_SIGN_IDENTITY = "iPhone Developer";
				COPY_PHASE_STRIP = NO;
				DEBUG_INFORMATION_FORMAT = "dwarf-with-dsym";
				ENABLE_NS_ASSERTIONS = NO;
				ENABLE_STRICT_OBJC_MSGSEND = YES;
				GCC_C_LANGUAGE_STANDARD = gnu11;
				GCC_NO_COMMON_BLOCKS = YES;
				GCC_WARN_64_TO_32_BIT_CONVERSION = YES;
				GCC_WARN_ABOUT_RETURN_TYPE = YES_ERROR;
				GCC_WARN_UNDECLARED_SELECTOR = YES;
				GCC_WARN_UNINITIALIZED_AUTOS = YES_AGGRESSIVE;
				GCC_WARN_UNUSED_FUNCTION = YES;
				GCC_WARN_UNUSED_VARIABLE = YES;
				IPHONEOS_DEPLOYMENT_TARGET = 12.1;
				MTL_ENABLE_DEBUG_INFO = NO;
				MTL_FAST_MATH = YES;
				SDKROOT = iphoneos;
				SWIFT_COMPILATION_MODE = wholemodule;
				SWIFT_OPTIMIZATION_LEVEL = "-O";
				VALIDATE_PRODUCT = YES;
			};
			name = Release;
		};
		CA72688621EA4D9200AD04BB /* Debug */ = {
			isa = XCBuildConfiguration;
			buildSettings = {
				ASSETCATALOG_COMPILER_APPICON_NAME = AppIcon;
				CODE_SIGN_STYLE = Automatic;
				DEVELOPMENT_TEAM = C7WG386WRN;
				INFOPLIST_FILE = SimpleSideMenu/Info.plist;
				LD_RUNPATH_SEARCH_PATHS = (
					"$(inherited)",
					"@executable_path/Frameworks",
				);
				PRODUCT_BUNDLE_IDENTIFIER = com.oguzkr.SimpleSideMenu;
				PRODUCT_NAME = "$(TARGET_NAME)";
				SWIFT_VERSION = 4.2;
				TARGETED_DEVICE_FAMILY = "1,2";
			};
			name = Debug;
		};
		CA72688721EA4D9200AD04BB /* Release */ = {
			isa = XCBuildConfiguration;
			buildSettings = {
				ASSETCATALOG_COMPILER_APPICON_NAME = AppIcon;
				CODE_SIGN_STYLE = Automatic;
				DEVELOPMENT_TEAM = C7WG386WRN;
				INFOPLIST_FILE = SimpleSideMenu/Info.plist;
				LD_RUNPATH_SEARCH_PATHS = (
					"$(inherited)",
					"@executable_path/Frameworks",
				);
				PRODUCT_BUNDLE_IDENTIFIER = com.oguzkr.SimpleSideMenu;
				PRODUCT_NAME = "$(TARGET_NAME)";
				SWIFT_VERSION = 4.2;
				TARGETED_DEVICE_FAMILY = "1,2";
			};
			name = Release;
		};
/* End XCBuildConfiguration section */

/* Begin XCConfigurationList section */
		CA72686B21EA4D9100AD04BB /* Build configuration list for PBXProject "SimpleSideMenu" */ = {
			isa = XCConfigurationList;
			buildConfigurations = (
				CA72688321EA4D9200AD04BB /* Debug */,
				CA72688421EA4D9200AD04BB /* Release */,
			);
			defaultConfigurationIsVisible = 0;
			defaultConfigurationName = Release;
		};
		CA72688521EA4D9200AD04BB /* Build configuration list for PBXNativeTarget "SimpleSideMenu" */ = {
			isa = XCConfigurationList;
			buildConfigurations = (
				CA72688621EA4D9200AD04BB /* Debug */,
				CA72688721EA4D9200AD04BB /* Release */,
			);
			defaultConfigurationIsVisible = 0;
			defaultConfigurationName = Release;
		};
/* End XCConfigurationList section */

/* Begin XCVersionGroup section */
		CA72687A21EA4D9100AD04BB /* SimpleSideMenu.xcdatamodeld */ = {
			isa = XCVersionGroup;
			children = (
				CA72687B21EA4D9100AD04BB /* SimpleSideMenu.xcdatamodel */,
			);
			currentVersion = CA72687B21EA4D9100AD04BB /* SimpleSideMenu.xcdatamodel */;
			path = SimpleSideMenu.xcdatamodeld;
			sourceTree = "<group>";
			versionGroupType = wrapper.xcdatamodel;
		};
/* End XCVersionGroup section */
	};
	rootObject = CA72686821EA4D9100AD04BB /* Project object */;
}
